
Microsoft Visual Studio Solution File, Format Version 12.00
Project("{FAE04EC0-301F-11D3-BF4B-00C04F79EFBC}") = "NewManagementSystem", "NewManagementSystem\NewManagementSystem.csproj", "{C20132A6-74AB-4045-9448-3A585CF7F2BB}"
EndProject
Project("{2150E333-8FDC-42A3-9474-1A3956D46DE8}") = "Solution Items", "Solution Items", "{962FB223-6A01-4D57-A285-1BE427A2AD05}"
	ProjectSection(SolutionItems) = preProject
		compose.yaml = compose.yaml
	EndProjectSection
EndProject
Global
	GlobalSection(SolutionConfigurationPlatforms) = preSolution
		Debug|Any CPU = Debug|Any CPU
		Release|Any CPU = Release|Any CPU
	EndGlobalSection
	GlobalSection(ProjectConfigurationPlatforms) = postSolution
		{C20132A6-74AB-4045-9448-3A585CF7F2BB}.Debug|Any CPU.ActiveCfg = Debug|Any CPU
		{C20132A6-74AB-4045-9448-3A585CF7F2BB}.Debug|Any CPU.Build.0 = Debug|Any CPU
		{C20132A6-74AB-4045-9448-3A585CF7F2BB}.Release|Any CPU.ActiveCfg = Release|Any CPU
		{C20132A6-74AB-4045-9448-3A585CF7F2BB}.Release|Any CPU.Build.0 = Release|Any CPU
	EndGlobalSection
EndGlobal
